// !$*UTF8*$!
{
	archiveVersion = 1;
	classes = {
	};
	objectVersion = 51;
	objects = {

/* Begin PBXBuildFile section */
		845E9F3626F1A59D003EEB0F /* MovieCatalogueApp.swift in Sources */ = {isa = PBXBuildFile; fileRef = 845E9F3526F1A59D003EEB0F /* MovieCatalogueApp.swift */; };
		845E9F3826F1A59D003EEB0F /* ContentView.swift in Sources */ = {isa = PBXBuildFile; fileRef = 845E9F3726F1A59D003EEB0F /* ContentView.swift */; };
		845E9F3A26F1A5A2003EEB0F /* Assets.xcassets in Resources */ = {isa = PBXBuildFile; fileRef = 845E9F3926F1A5A2003EEB0F /* Assets.xcassets */; };
		845E9F3D26F1A5A2003EEB0F /* Preview Assets.xcassets in Resources */ = {isa = PBXBuildFile; fileRef = 845E9F3C26F1A5A2003EEB0F /* Preview Assets.xcassets */; };
		84B690DF26FED89600F4F2A6 /* Common.framework in Frameworks */ = {isa = PBXBuildFile; fileRef = 84B690D726FED89600F4F2A6 /* Common.framework */; };
		84B690E026FED89600F4F2A6 /* Common.framework in Embed Frameworks */ = {isa = PBXBuildFile; fileRef = 84B690D726FED89600F4F2A6 /* Common.framework */; settings = {ATTRIBUTES = (CodeSignOnCopy, RemoveHeadersOnCopy, ); }; };
		84B690E326FED89600F4F2A6 /* Detail.framework in Frameworks */ = {isa = PBXBuildFile; fileRef = 84B690D926FED89600F4F2A6 /* Detail.framework */; };
		84B690E526FED89600F4F2A6 /* Favorite.framework in Frameworks */ = {isa = PBXBuildFile; fileRef = 84B690DA26FED89600F4F2A6 /* Favorite.framework */; };
		84B690E726FED89600F4F2A6 /* Home.framework in Frameworks */ = {isa = PBXBuildFile; fileRef = 84B690DB26FED89600F4F2A6 /* Home.framework */; };
		84B690E926FED89600F4F2A6 /* Movie.framework in Frameworks */ = {isa = PBXBuildFile; fileRef = 84B690DC26FED89600F4F2A6 /* Movie.framework */; };
		84B690EB26FED89600F4F2A6 /* Profile.framework in Frameworks */ = {isa = PBXBuildFile; fileRef = 84B690DD26FED89600F4F2A6 /* Profile.framework */; };
		84B690ED26FED89600F4F2A6 /* SearchMovie.framework in Frameworks */ = {isa = PBXBuildFile; fileRef = 84B690DE26FED89600F4F2A6 /* SearchMovie.framework */; };
		AF52A2A3AD566E173ED25F46 /* Pods_MovieCatalogue.framework in Frameworks */ = {isa = PBXBuildFile; fileRef = A831FDD7325679EB78DC2A79 /* Pods_MovieCatalogue.framework */; };
/* End PBXBuildFile section */

/* Begin PBXContainerItemProxy section */
		848ADE3626FDAC1900D01FBD /* PBXContainerItemProxy */ = {
			isa = PBXContainerItemProxy;
			containerPortal = 848ADE3226FDAC1900D01FBD /* Core.xcodeproj */;
			proxyType = 2;
			remoteGlobalIDString = 848ADE2326FDAA1300D01FBD;
			remoteInfo = Core;
		};
/* End PBXContainerItemProxy section */

/* Begin PBXCopyFilesBuildPhase section */
		84B690EF26FED89600F4F2A6 /* Embed Frameworks */ = {
			isa = PBXCopyFilesBuildPhase;
			buildActionMask = 2147483647;
			dstPath = "";
			dstSubfolderSpec = 10;
			files = (
				84B690E026FED89600F4F2A6 /* Common.framework in Embed Frameworks */,
			);
			name = "Embed Frameworks";
			runOnlyForDeploymentPostprocessing = 0;
		};
/* End PBXCopyFilesBuildPhase section */

/* Begin PBXFileReference section */
		68D37A7D6E51DF706B91185B /* Pods-MovieCatalogue.debug.xcconfig */ = {isa = PBXFileReference; includeInIndex = 1; lastKnownFileType = text.xcconfig; name = "Pods-MovieCatalogue.debug.xcconfig"; path = "Target Support Files/Pods-MovieCatalogue/Pods-MovieCatalogue.debug.xcconfig"; sourceTree = "<group>"; };
		843DC5FC27045258007AE7C0 /* Core.framework */ = {isa = PBXFileReference; explicitFileType = wrapper.framework; path = Core.framework; sourceTree = BUILT_PRODUCTS_DIR; };
		845E9F3226F1A59D003EEB0F /* MovieCatalogue.app */ = {isa = PBXFileReference; explicitFileType = wrapper.application; includeInIndex = 0; path = MovieCatalogue.app; sourceTree = BUILT_PRODUCTS_DIR; };
		845E9F3526F1A59D003EEB0F /* MovieCatalogueApp.swift */ = {isa = PBXFileReference; lastKnownFileType = sourcecode.swift; path = MovieCatalogueApp.swift; sourceTree = "<group>"; };
		845E9F3726F1A59D003EEB0F /* ContentView.swift */ = {isa = PBXFileReference; lastKnownFileType = sourcecode.swift; path = ContentView.swift; sourceTree = "<group>"; };
		845E9F3926F1A5A2003EEB0F /* Assets.xcassets */ = {isa = PBXFileReference; lastKnownFileType = folder.assetcatalog; path = Assets.xcassets; sourceTree = "<group>"; };
		845E9F3C26F1A5A2003EEB0F /* Preview Assets.xcassets */ = {isa = PBXFileReference; lastKnownFileType = folder.assetcatalog; path = "Preview Assets.xcassets"; sourceTree = "<group>"; };
		845E9F3E26F1A5A2003EEB0F /* Info.plist */ = {isa = PBXFileReference; lastKnownFileType = text.plist.xml; path = Info.plist; sourceTree = "<group>"; };
		848ADE3026FDAC1900D01FBD /* Core.h */ = {isa = PBXFileReference; lastKnownFileType = sourcecode.c.h; path = Core.h; sourceTree = "<group>"; };
		848ADE3126FDAC1900D01FBD /* Info.plist */ = {isa = PBXFileReference; lastKnownFileType = text.plist.xml; path = Info.plist; sourceTree = "<group>"; };
		848ADE3226FDAC1900D01FBD /* Core.xcodeproj */ = {isa = PBXFileReference; lastKnownFileType = "wrapper.pb-project"; path = Core.xcodeproj; sourceTree = "<group>"; };
		84B690D726FED89600F4F2A6 /* Common.framework */ = {isa = PBXFileReference; explicitFileType = wrapper.framework; path = Common.framework; sourceTree = BUILT_PRODUCTS_DIR; };
		84B690D826FED89600F4F2A6 /* Core.framework */ = {isa = PBXFileReference; explicitFileType = wrapper.framework; path = Core.framework; sourceTree = BUILT_PRODUCTS_DIR; };
		84B690D926FED89600F4F2A6 /* Detail.framework */ = {isa = PBXFileReference; explicitFileType = wrapper.framework; path = Detail.framework; sourceTree = BUILT_PRODUCTS_DIR; };
		84B690DA26FED89600F4F2A6 /* Favorite.framework */ = {isa = PBXFileReference; explicitFileType = wrapper.framework; path = Favorite.framework; sourceTree = BUILT_PRODUCTS_DIR; };
		84B690DB26FED89600F4F2A6 /* Home.framework */ = {isa = PBXFileReference; explicitFileType = wrapper.framework; path = Home.framework; sourceTree = BUILT_PRODUCTS_DIR; };
		84B690DC26FED89600F4F2A6 /* Movie.framework */ = {isa = PBXFileReference; explicitFileType = wrapper.framework; path = Movie.framework; sourceTree = BUILT_PRODUCTS_DIR; };
		84B690DD26FED89600F4F2A6 /* Profile.framework */ = {isa = PBXFileReference; explicitFileType = wrapper.framework; path = Profile.framework; sourceTree = BUILT_PRODUCTS_DIR; };
		84B690DE26FED89600F4F2A6 /* SearchMovie.framework */ = {isa = PBXFileReference; explicitFileType = wrapper.framework; path = SearchMovie.framework; sourceTree = BUILT_PRODUCTS_DIR; };
		A831FDD7325679EB78DC2A79 /* Pods_MovieCatalogue.framework */ = {isa = PBXFileReference; explicitFileType = wrapper.framework; includeInIndex = 0; path = Pods_MovieCatalogue.framework; sourceTree = BUILT_PRODUCTS_DIR; };
		B51AE57D94C6F54A1029A717 /* Pods-MovieCatalogue.release.xcconfig */ = {isa = PBXFileReference; includeInIndex = 1; lastKnownFileType = text.xcconfig; name = "Pods-MovieCatalogue.release.xcconfig"; path = "Target Support Files/Pods-MovieCatalogue/Pods-MovieCatalogue.release.xcconfig"; sourceTree = "<group>"; };
/* End PBXFileReference section */

/* Begin PBXFrameworksBuildPhase section */
		845E9F2F26F1A59D003EEB0F /* Frameworks */ = {
			isa = PBXFrameworksBuildPhase;
			buildActionMask = 2147483647;
			files = (
				84B690E926FED89600F4F2A6 /* Movie.framework in Frameworks */,
				84B690E526FED89600F4F2A6 /* Favorite.framework in Frameworks */,
				84B690DF26FED89600F4F2A6 /* Common.framework in Frameworks */,
				84B690E326FED89600F4F2A6 /* Detail.framework in Frameworks */,
				84B690ED26FED89600F4F2A6 /* SearchMovie.framework in Frameworks */,
				84B690EB26FED89600F4F2A6 /* Profile.framework in Frameworks */,
				84B690E726FED89600F4F2A6 /* Home.framework in Frameworks */,
				AF52A2A3AD566E173ED25F46 /* Pods_MovieCatalogue.framework in Frameworks */,
			);
			runOnlyForDeploymentPostprocessing = 0;
		};
/* End PBXFrameworksBuildPhase section */

/* Begin PBXGroup section */
		845E9F2926F1A59D003EEB0F = {
			isa = PBXGroup;
			children = (
				845E9F3426F1A59D003EEB0F /* MovieCatalogue */,
				845E9F3326F1A59D003EEB0F /* Products */,
				A19C93BE5161E9AAA40AC40D /* Pods */,
				FEEC5A6126FC2AE733CA4E90 /* Frameworks */,
			);
			sourceTree = "<group>";
		};
		845E9F3326F1A59D003EEB0F /* Products */ = {
			isa = PBXGroup;
			children = (
				845E9F3226F1A59D003EEB0F /* MovieCatalogue.app */,
			);
			name = Products;
			sourceTree = "<group>";
		};
		845E9F3426F1A59D003EEB0F /* MovieCatalogue */ = {
			isa = PBXGroup;
			children = (
				845E9F6326F1AC93003EEB0F /* SuportingFiles */,
				845E9F6226F1AC7C003EEB0F /* Feature */,
				845E9F6026F1AC71003EEB0F /* App */,
				845E9F3B26F1A5A2003EEB0F /* Preview Content */,
			);
			path = MovieCatalogue;
			sourceTree = "<group>";
		};
		845E9F3B26F1A5A2003EEB0F /* Preview Content */ = {
			isa = PBXGroup;
			children = (
				845E9F3C26F1A5A2003EEB0F /* Preview Assets.xcassets */,
			);
			path = "Preview Content";
			sourceTree = "<group>";
		};
		845E9F6026F1AC71003EEB0F /* App */ = {
			isa = PBXGroup;
			children = (
				845E9F3526F1A59D003EEB0F /* MovieCatalogueApp.swift */,
			);
			path = App;
			sourceTree = "<group>";
		};
		845E9F6226F1AC7C003EEB0F /* Feature */ = {
			isa = PBXGroup;
			children = (
				845E9F3726F1A59D003EEB0F /* ContentView.swift */,
			);
			path = Feature;
			sourceTree = "<group>";
		};
		845E9F6326F1AC93003EEB0F /* SuportingFiles */ = {
			isa = PBXGroup;
			children = (
				845E9F3926F1A5A2003EEB0F /* Assets.xcassets */,
				845E9F3E26F1A5A2003EEB0F /* Info.plist */,
			);
			path = SuportingFiles;
			sourceTree = "<group>";
		};
		848ADE2E26FDAC1900D01FBD /* Core */ = {
			isa = PBXGroup;
			children = (
				848ADE2F26FDAC1900D01FBD /* Core */,
				848ADE3226FDAC1900D01FBD /* Core.xcodeproj */,
			);
			path = Core;
			sourceTree = "<group>";
		};
		848ADE2F26FDAC1900D01FBD /* Core */ = {
			isa = PBXGroup;
			children = (
				848ADE3026FDAC1900D01FBD /* Core.h */,
				848ADE3126FDAC1900D01FBD /* Info.plist */,
			);
			path = Core;
			sourceTree = "<group>";
		};
		848ADE3326FDAC1900D01FBD /* Products */ = {
			isa = PBXGroup;
			children = (
				848ADE3726FDAC1900D01FBD /* Core.framework */,
			);
			name = Products;
			sourceTree = "<group>";
		};
		A19C93BE5161E9AAA40AC40D /* Pods */ = {
			isa = PBXGroup;
			children = (
				68D37A7D6E51DF706B91185B /* Pods-MovieCatalogue.debug.xcconfig */,
				B51AE57D94C6F54A1029A717 /* Pods-MovieCatalogue.release.xcconfig */,
			);
			path = Pods;
			sourceTree = "<group>";
		};
		FEEC5A6126FC2AE733CA4E90 /* Frameworks */ = {
			isa = PBXGroup;
			children = (
				843DC5FC27045258007AE7C0 /* Core.framework */,
				84B690D726FED89600F4F2A6 /* Common.framework */,
				84B690D826FED89600F4F2A6 /* Core.framework */,
				84B690D926FED89600F4F2A6 /* Detail.framework */,
				84B690DA26FED89600F4F2A6 /* Favorite.framework */,
				84B690DB26FED89600F4F2A6 /* Home.framework */,
				84B690DC26FED89600F4F2A6 /* Movie.framework */,
				84B690DD26FED89600F4F2A6 /* Profile.framework */,
				84B690DE26FED89600F4F2A6 /* SearchMovie.framework */,
				848ADE2E26FDAC1900D01FBD /* Core */,
				A831FDD7325679EB78DC2A79 /* Pods_MovieCatalogue.framework */,
			);
			name = Frameworks;
			sourceTree = "<group>";
		};
/* End PBXGroup section */

/* Begin PBXNativeTarget section */
		845E9F3126F1A59D003EEB0F /* MovieCatalogue */ = {
			isa = PBXNativeTarget;
			buildConfigurationList = 845E9F5726F1A5A2003EEB0F /* Build configuration list for PBXNativeTarget "MovieCatalogue" */;
			buildPhases = (
				8DAC0A4383083EBF96ADF03D /* [CP] Check Pods Manifest.lock */,
				845E9F2E26F1A59D003EEB0F /* Sources */,
				845E9F2F26F1A59D003EEB0F /* Frameworks */,
				845E9F3026F1A59D003EEB0F /* Resources */,
				8485293026F228EE009E0553 /* ShellScript */,
				84B690EF26FED89600F4F2A6 /* Embed Frameworks */,
				506A07F894723C4D46C4DB28 /* [CP] Embed Pods Frameworks */,
			);
			buildRules = (
			);
			dependencies = (
			);
			name = MovieCatalogue;
			productName = MovieCatalogue;
			productReference = 845E9F3226F1A59D003EEB0F /* MovieCatalogue.app */;
			productType = "com.apple.product-type.application";
		};
/* End PBXNativeTarget section */

/* Begin PBXProject section */
		845E9F2A26F1A59D003EEB0F /* Project object */ = {
			isa = PBXProject;
			attributes = {
				LastSwiftUpdateCheck = 1250;
				LastUpgradeCheck = 1250;
				TargetAttributes = {
					845E9F3126F1A59D003EEB0F = {
						CreatedOnToolsVersion = 12.5.1;
					};
				};
			};
			buildConfigurationList = 845E9F2D26F1A59D003EEB0F /* Build configuration list for PBXProject "MovieCatalogue" */;
			compatibilityVersion = "Xcode 9.3";
			developmentRegion = en;
			hasScannedForEncodings = 0;
			knownRegions = (
				en,
				Base,
			);
			mainGroup = 845E9F2926F1A59D003EEB0F;
			productRefGroup = 845E9F3326F1A59D003EEB0F /* Products */;
			projectDirPath = "";
			projectReferences = (
				{
					ProductGroup = 848ADE3326FDAC1900D01FBD /* Products */;
					ProjectRef = 848ADE3226FDAC1900D01FBD /* Core.xcodeproj */;
				},
			);
			projectRoot = "";
			targets = (
				845E9F3126F1A59D003EEB0F /* MovieCatalogue */,
			);
		};
/* End PBXProject section */

/* Begin PBXReferenceProxy section */
		848ADE3726FDAC1900D01FBD /* Core.framework */ = {
			isa = PBXReferenceProxy;
			fileType = wrapper.framework;
			path = Core.framework;
			remoteRef = 848ADE3626FDAC1900D01FBD /* PBXContainerItemProxy */;
			sourceTree = BUILT_PRODUCTS_DIR;
		};
/* End PBXReferenceProxy section */

/* Begin PBXResourcesBuildPhase section */
		845E9F3026F1A59D003EEB0F /* Resources */ = {
			isa = PBXResourcesBuildPhase;
			buildActionMask = 2147483647;
			files = (
				845E9F3D26F1A5A2003EEB0F /* Preview Assets.xcassets in Resources */,
				845E9F3A26F1A5A2003EEB0F /* Assets.xcassets in Resources */,
			);
			runOnlyForDeploymentPostprocessing = 0;
		};
/* End PBXResourcesBuildPhase section */

/* Begin PBXShellScriptBuildPhase section */
		506A07F894723C4D46C4DB28 /* [CP] Embed Pods Frameworks */ = {
			isa = PBXShellScriptBuildPhase;
			buildActionMask = 2147483647;
			files = (
			);
			inputFileListPaths = (
				"${PODS_ROOT}/Target Support Files/Pods-MovieCatalogue/Pods-MovieCatalogue-frameworks-${CONFIGURATION}-input-files.xcfilelist",
			);
			name = "[CP] Embed Pods Frameworks";
			outputFileListPaths = (
				"${PODS_ROOT}/Target Support Files/Pods-MovieCatalogue/Pods-MovieCatalogue-frameworks-${CONFIGURATION}-output-files.xcfilelist",
			);
			runOnlyForDeploymentPostprocessing = 0;
			shellPath = /bin/sh;
			shellScript = "\"${PODS_ROOT}/Target Support Files/Pods-MovieCatalogue/Pods-MovieCatalogue-frameworks.sh\"\n";
			showEnvVarsInLog = 0;
		};
		8485293026F228EE009E0553 /* ShellScript */ = {
			isa = PBXShellScriptBuildPhase;
			buildActionMask = 2147483647;
			files = (
			);
			inputFileListPaths = (
			);
			inputPaths = (
			);
			outputFileListPaths = (
			);
			outputPaths = (
			);
			runOnlyForDeploymentPostprocessing = 0;
			shellPath = /bin/sh;
			shellScript = "# Type a script or drag a script file from your workspace to insert its path.\nif which swiftlint >/dev/null; then \n    swiftlint \nelse \n    echo \"warning: SwiftLint not installed, download from https://github.com/realm/SwiftLint\" \nfi\n";
		};
		8DAC0A4383083EBF96ADF03D /* [CP] Check Pods Manifest.lock */ = {
			isa = PBXShellScriptBuildPhase;
			buildActionMask = 2147483647;
			files = (
			);
			inputFileListPaths = (
			);
			inputPaths = (
				"${PODS_PODFILE_DIR_PATH}/Podfile.lock",
				"${PODS_ROOT}/Manifest.lock",
			);
			name = "[CP] Check Pods Manifest.lock";
			outputFileListPaths = (
			);
			outputPaths = (
				"$(DERIVED_FILE_DIR)/Pods-MovieCatalogue-checkManifestLockResult.txt",
			);
			runOnlyForDeploymentPostprocessing = 0;
			shellPath = /bin/sh;
			shellScript = "diff \"${PODS_PODFILE_DIR_PATH}/Podfile.lock\" \"${PODS_ROOT}/Manifest.lock\" > /dev/null\nif [ $? != 0 ] ; then\n    # print error to STDERR\n    echo \"error: The sandbox is not in sync with the Podfile.lock. Run 'pod install' or update your CocoaPods installation.\" >&2\n    exit 1\nfi\n# This output is used by Xcode 'outputs' to avoid re-running this script phase.\necho \"SUCCESS\" > \"${SCRIPT_OUTPUT_FILE_0}\"\n";
			showEnvVarsInLog = 0;
		};
/* End PBXShellScriptBuildPhase section */

/* Begin PBXSourcesBuildPhase section */
		845E9F2E26F1A59D003EEB0F /* Sources */ = {
			isa = PBXSourcesBuildPhase;
			buildActionMask = 2147483647;
			files = (
				845E9F3826F1A59D003EEB0F /* ContentView.swift in Sources */,
				845E9F3626F1A59D003EEB0F /* MovieCatalogueApp.swift in Sources */,
			);
			runOnlyForDeploymentPostprocessing = 0;
		};
/* End PBXSourcesBuildPhase section */

/* Begin XCBuildConfiguration section */
		845E9F5526F1A5A2003EEB0F /* Debug */ = {
			isa = XCBuildConfiguration;
			buildSettings = {
				ALWAYS_SEARCH_USER_PATHS = NO;
				CLANG_ANALYZER_NONNULL = YES;
				CLANG_ANALYZER_NUMBER_OBJECT_CONVERSION = YES_AGGRESSIVE;
				CLANG_CXX_LANGUAGE_STANDARD = "gnu++14";
				CLANG_CXX_LIBRARY = "libc++";
				CLANG_ENABLE_MODULES = YES;
				CLANG_ENABLE_OBJC_ARC = YES;
				CLANG_ENABLE_OBJC_WEAK = YES;
				CLANG_WARN_BLOCK_CAPTURE_AUTORELEASING = YES;
				CLANG_WARN_BOOL_CONVERSION = YES;
				CLANG_WARN_COMMA = YES;
				CLANG_WARN_CONSTANT_CONVERSION = YES;
				CLANG_WARN_DEPRECATED_OBJC_IMPLEMENTATIONS = YES;
				CLANG_WARN_DIRECT_OBJC_ISA_USAGE = YES_ERROR;
				CLANG_WARN_DOCUMENTATION_COMMENTS = YES;
				CLANG_WARN_EMPTY_BODY = YES;
				CLANG_WARN_ENUM_CONVERSION = YES;
				CLANG_WARN_INFINITE_RECURSION = YES;
				CLANG_WARN_INT_CONVERSION = YES;
				CLANG_WARN_NON_LITERAL_NULL_CONVERSION = YES;
				CLANG_WARN_OBJC_IMPLICIT_RETAIN_SELF = YES;
				CLANG_WARN_OBJC_LITERAL_CONVERSION = YES;
				CLANG_WARN_OBJC_ROOT_CLASS = YES_ERROR;
				CLANG_WARN_QUOTED_INCLUDE_IN_FRAMEWORK_HEADER = YES;
				CLANG_WARN_RANGE_LOOP_ANALYSIS = YES;
				CLANG_WARN_STRICT_PROTOTYPES = YES;
				CLANG_WARN_SUSPICIOUS_MOVE = YES;
				CLANG_WARN_UNGUARDED_AVAILABILITY = YES_AGGRESSIVE;
				CLANG_WARN_UNREACHABLE_CODE = YES;
				CLANG_WARN__DUPLICATE_METHOD_MATCH = YES;
				COPY_PHASE_STRIP = NO;
				DEBUG_INFORMATION_FORMAT = dwarf;
				ENABLE_STRICT_OBJC_MSGSEND = YES;
				ENABLE_TESTABILITY = YES;
				GCC_C_LANGUAGE_STANDARD = gnu11;
				GCC_DYNAMIC_NO_PIC = NO;
				GCC_NO_COMMON_BLOCKS = YES;
				GCC_OPTIMIZATION_LEVEL = 0;
				GCC_PREPROCESSOR_DEFINITIONS = (
					"DEBUG=1",
					"$(inherited)",
				);
				GCC_WARN_64_TO_32_BIT_CONVERSION = YES;
				GCC_WARN_ABOUT_RETURN_TYPE = YES_ERROR;
				GCC_WARN_UNDECLARED_SELECTOR = YES;
				GCC_WARN_UNINITIALIZED_AUTOS = YES_AGGRESSIVE;
				GCC_WARN_UNUSED_FUNCTION = YES;
				GCC_WARN_UNUSED_VARIABLE = YES;
				IPHONEOS_DEPLOYMENT_TARGET = 14.1;
				MTL_ENABLE_DEBUG_INFO = INCLUDE_SOURCE;
				MTL_FAST_MATH = YES;
				ONLY_ACTIVE_ARCH = YES;
				SDKROOT = iphoneos;
				SWIFT_ACTIVE_COMPILATION_CONDITIONS = DEBUG;
				SWIFT_OPTIMIZATION_LEVEL = "-Onone";
			};
			name = Debug;
		};
		845E9F5626F1A5A2003EEB0F /* Release */ = {
			isa = XCBuildConfiguration;
			buildSettings = {
				ALWAYS_SEARCH_USER_PATHS = NO;
				CLANG_ANALYZER_NONNULL = YES;
				CLANG_ANALYZER_NUMBER_OBJECT_CONVERSION = YES_AGGRESSIVE;
				CLANG_CXX_LANGUAGE_STANDARD = "gnu++14";
				CLANG_CXX_LIBRARY = "libc++";
				CLANG_ENABLE_MODULES = YES;
				CLANG_ENABLE_OBJC_ARC = YES;
				CLANG_ENABLE_OBJC_WEAK = YES;
				CLANG_WARN_BLOCK_CAPTURE_AUTORELEASING = YES;
				CLANG_WARN_BOOL_CONVERSION = YES;
				CLANG_WARN_COMMA = YES;
				CLANG_WARN_CONSTANT_CONVERSION = YES;
				CLANG_WARN_DEPRECATED_OBJC_IMPLEMENTATIONS = YES;
				CLANG_WARN_DIRECT_OBJC_ISA_USAGE = YES_ERROR;
				CLANG_WARN_DOCUMENTATION_COMMENTS = YES;
				CLANG_WARN_EMPTY_BODY = YES;
				CLANG_WARN_ENUM_CONVERSION = YES;
				CLANG_WARN_INFINITE_RECURSION = YES;
				CLANG_WARN_INT_CONVERSION = YES;
				CLANG_WARN_NON_LITERAL_NULL_CONVERSION = YES;
				CLANG_WARN_OBJC_IMPLICIT_RETAIN_SELF = YES;
				CLANG_WARN_OBJC_LITERAL_CONVERSION = YES;
				CLANG_WARN_OBJC_ROOT_CLASS = YES_ERROR;
				CLANG_WARN_QUOTED_INCLUDE_IN_FRAMEWORK_HEADER = YES;
				CLANG_WARN_RANGE_LOOP_ANALYSIS = YES;
				CLANG_WARN_STRICT_PROTOTYPES = YES;
				CLANG_WARN_SUSPICIOUS_MOVE = YES;
				CLANG_WARN_UNGUARDED_AVAILABILITY = YES_AGGRESSIVE;
				CLANG_WARN_UNREACHABLE_CODE = YES;
				CLANG_WARN__DUPLICATE_METHOD_MATCH = YES;
				COPY_PHASE_STRIP = NO;
				DEBUG_INFORMATION_FORMAT = "dwarf-with-dsym";
				ENABLE_NS_ASSERTIONS = NO;
				ENABLE_STRICT_OBJC_MSGSEND = YES;
				GCC_C_LANGUAGE_STANDARD = gnu11;
				GCC_NO_COMMON_BLOCKS = YES;
				GCC_WARN_64_TO_32_BIT_CONVERSION = YES;
				GCC_WARN_ABOUT_RETURN_TYPE = YES_ERROR;
				GCC_WARN_UNDECLARED_SELECTOR = YES;
				GCC_WARN_UNINITIALIZED_AUTOS = YES_AGGRESSIVE;
				GCC_WARN_UNUSED_FUNCTION = YES;
				GCC_WARN_UNUSED_VARIABLE = YES;
				IPHONEOS_DEPLOYMENT_TARGET = 14.1;
				MTL_ENABLE_DEBUG_INFO = NO;
				MTL_FAST_MATH = YES;
				SDKROOT = iphoneos;
				SWIFT_COMPILATION_MODE = wholemodule;
				SWIFT_OPTIMIZATION_LEVEL = "-O";
				VALIDATE_PRODUCT = YES;
			};
			name = Release;
		};
		845E9F5826F1A5A2003EEB0F /* Debug */ = {
			isa = XCBuildConfiguration;
			baseConfigurationReference = 68D37A7D6E51DF706B91185B /* Pods-MovieCatalogue.debug.xcconfig */;
			buildSettings = {
				ASSETCATALOG_COMPILER_APPICON_NAME = AppIcon;
				ASSETCATALOG_COMPILER_GLOBAL_ACCENT_COLOR_NAME = AccentColor;
				CODE_SIGN_STYLE = Automatic;
				DEVELOPMENT_ASSET_PATHS = "\"MovieCatalogue/Preview Content\"";
				DEVELOPMENT_TEAM = PH4M8U772M;
				ENABLE_PREVIEWS = YES;
				INFOPLIST_FILE = MovieCatalogue/SuportingFiles/Info.plist;
				IPHONEOS_DEPLOYMENT_TARGET = 14.5;
				LD_RUNPATH_SEARCH_PATHS = (
					"$(inherited)",
					"@executable_path/Frameworks",
				);
				PRODUCT_BUNDLE_IDENTIFIER = id.RrDev.MovieCatalogue;
				PRODUCT_NAME = "$(TARGET_NAME)";
				SWIFT_VERSION = 5.0;
				TARGETED_DEVICE_FAMILY = "1,2";
			};
			name = Debug;
		};
		845E9F5926F1A5A2003EEB0F /* Release */ = {
			isa = XCBuildConfiguration;
			baseConfigurationReference = B51AE57D94C6F54A1029A717 /* Pods-MovieCatalogue.release.xcconfig */;
			buildSettings = {
				ASSETCATALOG_COMPILER_APPICON_NAME = AppIcon;
				ASSETCATALOG_COMPILER_GLOBAL_ACCENT_COLOR_NAME = AccentColor;
				CODE_SIGN_STYLE = Automatic;
				DEVELOPMENT_ASSET_PATHS = "\"MovieCatalogue/Preview Content\"";
				DEVELOPMENT_TEAM = PH4M8U772M;
				ENABLE_PREVIEWS = YES;
				INFOPLIST_FILE = MovieCatalogue/SuportingFiles/Info.plist;
				IPHONEOS_DEPLOYMENT_TARGET = 14.5;
				LD_RUNPATH_SEARCH_PATHS = (
					"$(inherited)",
					"@executable_path/Frameworks",
				);
				PRODUCT_BUNDLE_IDENTIFIER = id.RrDev.MovieCatalogue;
				PRODUCT_NAME = "$(TARGET_NAME)";
				SWIFT_VERSION = 5.0;
				TARGETED_DEVICE_FAMILY = "1,2";
			};
			name = Release;
		};
/* End XCBuildConfiguration section */

/* Begin XCConfigurationList section */
		845E9F2D26F1A59D003EEB0F /* Build configuration list for PBXProject "MovieCatalogue" */ = {
			isa = XCConfigurationList;
			buildConfigurations = (
				845E9F5526F1A5A2003EEB0F /* Debug */,
				845E9F5626F1A5A2003EEB0F /* Release */,
			);
			defaultConfigurationIsVisible = 0;
			defaultConfigurationName = Release;
		};
		845E9F5726F1A5A2003EEB0F /* Build configuration list for PBXNativeTarget "MovieCatalogue" */ = {
			isa = XCConfigurationList;
			buildConfigurations = (
				845E9F5826F1A5A2003EEB0F /* Debug */,
				845E9F5926F1A5A2003EEB0F /* Release */,
			);
			defaultConfigurationIsVisible = 0;
			defaultConfigurationName = Release;
		};
/* End XCConfigurationList section */
	};
	rootObject = 845E9F2A26F1A59D003EEB0F /* Project object */;
}
