// !$*UTF8*$!
{
	archiveVersion = 1;
	classes = {
	};
	objectVersion = 51;
	objects = {

/* Begin PBXBuildFile section */
		845E9F3626F1A59D003EEB0F /* MovieCatalogueApp.swift in Sources */ = {isa = PBXBuildFile; fileRef = 845E9F3526F1A59D003EEB0F /* MovieCatalogueApp.swift */; };
		845E9F3826F1A59D003EEB0F /* ContentView.swift in Sources */ = {isa = PBXBuildFile; fileRef = 845E9F3726F1A59D003EEB0F /* ContentView.swift */; };
		845E9F3A26F1A5A2003EEB0F /* Assets.xcassets in Resources */ = {isa = PBXBuildFile; fileRef = 845E9F3926F1A5A2003EEB0F /* Assets.xcassets */; };
		845E9F3D26F1A5A2003EEB0F /* Preview Assets.xcassets in Resources */ = {isa = PBXBuildFile; fileRef = 845E9F3C26F1A5A2003EEB0F /* Preview Assets.xcassets */; };
		845E9F4826F1A5A2003EEB0F /* MovieCatalogueTests.swift in Sources */ = {isa = PBXBuildFile; fileRef = 845E9F4726F1A5A2003EEB0F /* MovieCatalogueTests.swift */; };
		845E9F5326F1A5A2003EEB0F /* MovieCatalogueUITests.swift in Sources */ = {isa = PBXBuildFile; fileRef = 845E9F5226F1A5A2003EEB0F /* MovieCatalogueUITests.swift */; };
		8485293426F23C2A009E0553 /* APICall.swift in Sources */ = {isa = PBXBuildFile; fileRef = 8485293326F23C2A009E0553 /* APICall.swift */; };
		8485293626F251A1009E0553 /* Connectivity.swift in Sources */ = {isa = PBXBuildFile; fileRef = 8485293526F251A1009E0553 /* Connectivity.swift */; };
		8485293D26F2562F009E0553 /* MovieResponse.swift in Sources */ = {isa = PBXBuildFile; fileRef = 8485293C26F2562F009E0553 /* MovieResponse.swift */; };
		8485293F26F25670009E0553 /* DetailMovieResponse.swift in Sources */ = {isa = PBXBuildFile; fileRef = 8485293E26F25670009E0553 /* DetailMovieResponse.swift */; };
		8485294126F25AC1009E0553 /* CreditsResponse.swift in Sources */ = {isa = PBXBuildFile; fileRef = 8485294026F25AC1009E0553 /* CreditsResponse.swift */; };
		8485294826F2D3F7009E0553 /* RemoteDataSource.swift in Sources */ = {isa = PBXBuildFile; fileRef = 8485294726F2D3F7009E0553 /* RemoteDataSource.swift */; };
		8485294B26F30477009E0553 /* CustomError.swift in Sources */ = {isa = PBXBuildFile; fileRef = 8485294A26F30477009E0553 /* CustomError.swift */; };
		8485294D26F30FC1009E0553 /* TmdbRepository.swift in Sources */ = {isa = PBXBuildFile; fileRef = 8485294C26F30FC1009E0553 /* TmdbRepository.swift */; };
		8485295026F31020009E0553 /* MovieMapper.swift in Sources */ = {isa = PBXBuildFile; fileRef = 8485294F26F31020009E0553 /* MovieMapper.swift */; };
		8485295626F310FD009E0553 /* MovieModel.swift in Sources */ = {isa = PBXBuildFile; fileRef = 8485295526F310FD009E0553 /* MovieModel.swift */; };
		8485295826F311B5009E0553 /* CustomExtension.swift in Sources */ = {isa = PBXBuildFile; fileRef = 8485295726F311B5009E0553 /* CustomExtension.swift */; };
		8485295A26F313CD009E0553 /* DetailMovieModel.swift in Sources */ = {isa = PBXBuildFile; fileRef = 8485295926F313CD009E0553 /* DetailMovieModel.swift */; };
		8485295D26F33D5B009E0553 /* Injection.swift in Sources */ = {isa = PBXBuildFile; fileRef = 8485295C26F33D5B009E0553 /* Injection.swift */; };
		8485296126F33DBB009E0553 /* HomeUseCase.swift in Sources */ = {isa = PBXBuildFile; fileRef = 8485296026F33DBB009E0553 /* HomeUseCase.swift */; };
		8485296426F33FB5009E0553 /* HomeViewModel.swift in Sources */ = {isa = PBXBuildFile; fileRef = 8485296326F33FB5009E0553 /* HomeViewModel.swift */; };
		8485296626F33FC1009E0553 /* HomeView.swift in Sources */ = {isa = PBXBuildFile; fileRef = 8485296526F33FC1009E0553 /* HomeView.swift */; };
		8485296826F34187009E0553 /* HomeRouter.swift in Sources */ = {isa = PBXBuildFile; fileRef = 8485296726F34187009E0553 /* HomeRouter.swift */; };
		AAADF3CE18944867A5DEDF27 /* Pods_MovieCatalogueTests.framework in Frameworks */ = {isa = PBXBuildFile; fileRef = DDEDE9E02FE905EDFC4D6127 /* Pods_MovieCatalogueTests.framework */; };
		DB1A5A5BCF30FA0D082AA0E8 /* Pods_MovieCatalogue.framework in Frameworks */ = {isa = PBXBuildFile; fileRef = 6A4E1DF83302FB055FBD660D /* Pods_MovieCatalogue.framework */; };
		E4F9423DC0E0F5C5B0FC0EDD /* Pods_MovieCatalogue_MovieCatalogueUITests.framework in Frameworks */ = {isa = PBXBuildFile; fileRef = 5566776316DDE0D92A4C629B /* Pods_MovieCatalogue_MovieCatalogueUITests.framework */; };
/* End PBXBuildFile section */

/* Begin PBXContainerItemProxy section */
		845E9F4426F1A5A2003EEB0F /* PBXContainerItemProxy */ = {
			isa = PBXContainerItemProxy;
			containerPortal = 845E9F2A26F1A59D003EEB0F /* Project object */;
			proxyType = 1;
			remoteGlobalIDString = 845E9F3126F1A59D003EEB0F;
			remoteInfo = MovieCatalogue;
		};
		845E9F4F26F1A5A2003EEB0F /* PBXContainerItemProxy */ = {
			isa = PBXContainerItemProxy;
			containerPortal = 845E9F2A26F1A59D003EEB0F /* Project object */;
			proxyType = 1;
			remoteGlobalIDString = 845E9F3126F1A59D003EEB0F;
			remoteInfo = MovieCatalogue;
		};
/* End PBXContainerItemProxy section */

/* Begin PBXFileReference section */
		03D20524DDA8A226FE466F84 /* Pods-MovieCatalogueTests.debug.xcconfig */ = {isa = PBXFileReference; includeInIndex = 1; lastKnownFileType = text.xcconfig; name = "Pods-MovieCatalogueTests.debug.xcconfig"; path = "Target Support Files/Pods-MovieCatalogueTests/Pods-MovieCatalogueTests.debug.xcconfig"; sourceTree = "<group>"; };
		13E2187E59CD383C3908DB49 /* Pods-MovieCatalogue.release.xcconfig */ = {isa = PBXFileReference; includeInIndex = 1; lastKnownFileType = text.xcconfig; name = "Pods-MovieCatalogue.release.xcconfig"; path = "Target Support Files/Pods-MovieCatalogue/Pods-MovieCatalogue.release.xcconfig"; sourceTree = "<group>"; };
		14896926453A0FC29F6248ED /* Pods-MovieCatalogueTests.release.xcconfig */ = {isa = PBXFileReference; includeInIndex = 1; lastKnownFileType = text.xcconfig; name = "Pods-MovieCatalogueTests.release.xcconfig"; path = "Target Support Files/Pods-MovieCatalogueTests/Pods-MovieCatalogueTests.release.xcconfig"; sourceTree = "<group>"; };
		5566776316DDE0D92A4C629B /* Pods_MovieCatalogue_MovieCatalogueUITests.framework */ = {isa = PBXFileReference; explicitFileType = wrapper.framework; includeInIndex = 0; path = Pods_MovieCatalogue_MovieCatalogueUITests.framework; sourceTree = BUILT_PRODUCTS_DIR; };
		6A4E1DF83302FB055FBD660D /* Pods_MovieCatalogue.framework */ = {isa = PBXFileReference; explicitFileType = wrapper.framework; includeInIndex = 0; path = Pods_MovieCatalogue.framework; sourceTree = BUILT_PRODUCTS_DIR; };
		7DCD67A519FFDAAC6B9D6ECD /* Pods-MovieCatalogue.debug.xcconfig */ = {isa = PBXFileReference; includeInIndex = 1; lastKnownFileType = text.xcconfig; name = "Pods-MovieCatalogue.debug.xcconfig"; path = "Target Support Files/Pods-MovieCatalogue/Pods-MovieCatalogue.debug.xcconfig"; sourceTree = "<group>"; };
		845E9F3226F1A59D003EEB0F /* MovieCatalogue.app */ = {isa = PBXFileReference; explicitFileType = wrapper.application; includeInIndex = 0; path = MovieCatalogue.app; sourceTree = BUILT_PRODUCTS_DIR; };
		845E9F3526F1A59D003EEB0F /* MovieCatalogueApp.swift */ = {isa = PBXFileReference; lastKnownFileType = sourcecode.swift; path = MovieCatalogueApp.swift; sourceTree = "<group>"; };
		845E9F3726F1A59D003EEB0F /* ContentView.swift */ = {isa = PBXFileReference; lastKnownFileType = sourcecode.swift; path = ContentView.swift; sourceTree = "<group>"; };
		845E9F3926F1A5A2003EEB0F /* Assets.xcassets */ = {isa = PBXFileReference; lastKnownFileType = folder.assetcatalog; path = Assets.xcassets; sourceTree = "<group>"; };
		845E9F3C26F1A5A2003EEB0F /* Preview Assets.xcassets */ = {isa = PBXFileReference; lastKnownFileType = folder.assetcatalog; path = "Preview Assets.xcassets"; sourceTree = "<group>"; };
		845E9F3E26F1A5A2003EEB0F /* Info.plist */ = {isa = PBXFileReference; lastKnownFileType = text.plist.xml; path = Info.plist; sourceTree = "<group>"; };
		845E9F4326F1A5A2003EEB0F /* MovieCatalogueTests.xctest */ = {isa = PBXFileReference; explicitFileType = wrapper.cfbundle; includeInIndex = 0; path = MovieCatalogueTests.xctest; sourceTree = BUILT_PRODUCTS_DIR; };
		845E9F4726F1A5A2003EEB0F /* MovieCatalogueTests.swift */ = {isa = PBXFileReference; lastKnownFileType = sourcecode.swift; path = MovieCatalogueTests.swift; sourceTree = "<group>"; };
		845E9F4926F1A5A2003EEB0F /* Info.plist */ = {isa = PBXFileReference; lastKnownFileType = text.plist.xml; path = Info.plist; sourceTree = "<group>"; };
		845E9F4E26F1A5A2003EEB0F /* MovieCatalogueUITests.xctest */ = {isa = PBXFileReference; explicitFileType = wrapper.cfbundle; includeInIndex = 0; path = MovieCatalogueUITests.xctest; sourceTree = BUILT_PRODUCTS_DIR; };
		845E9F5226F1A5A2003EEB0F /* MovieCatalogueUITests.swift */ = {isa = PBXFileReference; lastKnownFileType = sourcecode.swift; path = MovieCatalogueUITests.swift; sourceTree = "<group>"; };
		845E9F5426F1A5A2003EEB0F /* Info.plist */ = {isa = PBXFileReference; lastKnownFileType = text.plist.xml; path = Info.plist; sourceTree = "<group>"; };
		8485293326F23C2A009E0553 /* APICall.swift */ = {isa = PBXFileReference; lastKnownFileType = sourcecode.swift; path = APICall.swift; sourceTree = "<group>"; };
		8485293526F251A1009E0553 /* Connectivity.swift */ = {isa = PBXFileReference; lastKnownFileType = sourcecode.swift; name = Connectivity.swift; path = ../../../../../../../../Connectivity.swift; sourceTree = "<group>"; };
		8485293C26F2562F009E0553 /* MovieResponse.swift */ = {isa = PBXFileReference; lastKnownFileType = sourcecode.swift; path = MovieResponse.swift; sourceTree = "<group>"; };
		8485293E26F25670009E0553 /* DetailMovieResponse.swift */ = {isa = PBXFileReference; lastKnownFileType = sourcecode.swift; path = DetailMovieResponse.swift; sourceTree = "<group>"; };
		8485294026F25AC1009E0553 /* CreditsResponse.swift */ = {isa = PBXFileReference; lastKnownFileType = sourcecode.swift; path = CreditsResponse.swift; sourceTree = "<group>"; };
		8485294726F2D3F7009E0553 /* RemoteDataSource.swift */ = {isa = PBXFileReference; lastKnownFileType = sourcecode.swift; path = RemoteDataSource.swift; sourceTree = "<group>"; };
		8485294A26F30477009E0553 /* CustomError.swift */ = {isa = PBXFileReference; lastKnownFileType = sourcecode.swift; path = CustomError.swift; sourceTree = "<group>"; };
		8485294C26F30FC1009E0553 /* TmdbRepository.swift */ = {isa = PBXFileReference; lastKnownFileType = sourcecode.swift; path = TmdbRepository.swift; sourceTree = "<group>"; };
		8485294F26F31020009E0553 /* MovieMapper.swift */ = {isa = PBXFileReference; lastKnownFileType = sourcecode.swift; path = MovieMapper.swift; sourceTree = "<group>"; };
		8485295526F310FD009E0553 /* MovieModel.swift */ = {isa = PBXFileReference; lastKnownFileType = sourcecode.swift; path = MovieModel.swift; sourceTree = "<group>"; };
		8485295726F311B5009E0553 /* CustomExtension.swift */ = {isa = PBXFileReference; lastKnownFileType = sourcecode.swift; path = CustomExtension.swift; sourceTree = "<group>"; };
		8485295926F313CD009E0553 /* DetailMovieModel.swift */ = {isa = PBXFileReference; lastKnownFileType = sourcecode.swift; path = DetailMovieModel.swift; sourceTree = "<group>"; };
		8485295C26F33D5B009E0553 /* Injection.swift */ = {isa = PBXFileReference; lastKnownFileType = sourcecode.swift; path = Injection.swift; sourceTree = "<group>"; };
		8485296026F33DBB009E0553 /* HomeUseCase.swift */ = {isa = PBXFileReference; lastKnownFileType = sourcecode.swift; path = HomeUseCase.swift; sourceTree = "<group>"; };
		8485296326F33FB5009E0553 /* HomeViewModel.swift */ = {isa = PBXFileReference; lastKnownFileType = sourcecode.swift; path = HomeViewModel.swift; sourceTree = "<group>"; };
		8485296526F33FC1009E0553 /* HomeView.swift */ = {isa = PBXFileReference; lastKnownFileType = sourcecode.swift; path = HomeView.swift; sourceTree = "<group>"; };
		8485296726F34187009E0553 /* HomeRouter.swift */ = {isa = PBXFileReference; lastKnownFileType = sourcecode.swift; path = HomeRouter.swift; sourceTree = "<group>"; };
		89EDC3174F0C9C402F9A2589 /* Pods-MovieCatalogue-MovieCatalogueUITests.debug.xcconfig */ = {isa = PBXFileReference; includeInIndex = 1; lastKnownFileType = text.xcconfig; name = "Pods-MovieCatalogue-MovieCatalogueUITests.debug.xcconfig"; path = "Target Support Files/Pods-MovieCatalogue-MovieCatalogueUITests/Pods-MovieCatalogue-MovieCatalogueUITests.debug.xcconfig"; sourceTree = "<group>"; };
		DDEDE9E02FE905EDFC4D6127 /* Pods_MovieCatalogueTests.framework */ = {isa = PBXFileReference; explicitFileType = wrapper.framework; includeInIndex = 0; path = Pods_MovieCatalogueTests.framework; sourceTree = BUILT_PRODUCTS_DIR; };
		FA3B4263F75EB41F1ADC94EA /* Pods-MovieCatalogue-MovieCatalogueUITests.release.xcconfig */ = {isa = PBXFileReference; includeInIndex = 1; lastKnownFileType = text.xcconfig; name = "Pods-MovieCatalogue-MovieCatalogueUITests.release.xcconfig"; path = "Target Support Files/Pods-MovieCatalogue-MovieCatalogueUITests/Pods-MovieCatalogue-MovieCatalogueUITests.release.xcconfig"; sourceTree = "<group>"; };
/* End PBXFileReference section */

/* Begin PBXFrameworksBuildPhase section */
		845E9F2F26F1A59D003EEB0F /* Frameworks */ = {
			isa = PBXFrameworksBuildPhase;
			buildActionMask = 2147483647;
			files = (
				DB1A5A5BCF30FA0D082AA0E8 /* Pods_MovieCatalogue.framework in Frameworks */,
			);
			runOnlyForDeploymentPostprocessing = 0;
		};
		845E9F4026F1A5A2003EEB0F /* Frameworks */ = {
			isa = PBXFrameworksBuildPhase;
			buildActionMask = 2147483647;
			files = (
				AAADF3CE18944867A5DEDF27 /* Pods_MovieCatalogueTests.framework in Frameworks */,
			);
			runOnlyForDeploymentPostprocessing = 0;
		};
		845E9F4B26F1A5A2003EEB0F /* Frameworks */ = {
			isa = PBXFrameworksBuildPhase;
			buildActionMask = 2147483647;
			files = (
				E4F9423DC0E0F5C5B0FC0EDD /* Pods_MovieCatalogue_MovieCatalogueUITests.framework in Frameworks */,
			);
			runOnlyForDeploymentPostprocessing = 0;
		};
/* End PBXFrameworksBuildPhase section */

/* Begin PBXGroup section */
		4312A9DF40DF333B11F7627F /* Frameworks */ = {
			isa = PBXGroup;
			children = (
				6A4E1DF83302FB055FBD660D /* Pods_MovieCatalogue.framework */,
				5566776316DDE0D92A4C629B /* Pods_MovieCatalogue_MovieCatalogueUITests.framework */,
				DDEDE9E02FE905EDFC4D6127 /* Pods_MovieCatalogueTests.framework */,
			);
			name = Frameworks;
			sourceTree = "<group>";
		};
		845E9F2926F1A59D003EEB0F = {
			isa = PBXGroup;
			children = (
				845E9F3426F1A59D003EEB0F /* MovieCatalogue */,
				845E9F4626F1A5A2003EEB0F /* MovieCatalogueTests */,
				845E9F5126F1A5A2003EEB0F /* MovieCatalogueUITests */,
				845E9F3326F1A59D003EEB0F /* Products */,
				A19C93BE5161E9AAA40AC40D /* Pods */,
				4312A9DF40DF333B11F7627F /* Frameworks */,
			);
			sourceTree = "<group>";
		};
		845E9F3326F1A59D003EEB0F /* Products */ = {
			isa = PBXGroup;
			children = (
				845E9F3226F1A59D003EEB0F /* MovieCatalogue.app */,
				845E9F4326F1A5A2003EEB0F /* MovieCatalogueTests.xctest */,
				845E9F4E26F1A5A2003EEB0F /* MovieCatalogueUITests.xctest */,
			);
			name = Products;
			sourceTree = "<group>";
		};
		845E9F3426F1A59D003EEB0F /* MovieCatalogue */ = {
			isa = PBXGroup;
			children = (
				845E9F6326F1AC93003EEB0F /* SuportingFiles */,
				845E9F6226F1AC7C003EEB0F /* Feature */,
				845E9F6126F1AC76003EEB0F /* Core */,
				845E9F6026F1AC71003EEB0F /* App */,
				845E9F3B26F1A5A2003EEB0F /* Preview Content */,
			);
			path = MovieCatalogue;
			sourceTree = "<group>";
		};
		845E9F3B26F1A5A2003EEB0F /* Preview Content */ = {
			isa = PBXGroup;
			children = (
				845E9F3C26F1A5A2003EEB0F /* Preview Assets.xcassets */,
			);
			path = "Preview Content";
			sourceTree = "<group>";
		};
		845E9F4626F1A5A2003EEB0F /* MovieCatalogueTests */ = {
			isa = PBXGroup;
			children = (
				845E9F4726F1A5A2003EEB0F /* MovieCatalogueTests.swift */,
				845E9F4926F1A5A2003EEB0F /* Info.plist */,
			);
			path = MovieCatalogueTests;
			sourceTree = "<group>";
		};
		845E9F5126F1A5A2003EEB0F /* MovieCatalogueUITests */ = {
			isa = PBXGroup;
			children = (
				845E9F5226F1A5A2003EEB0F /* MovieCatalogueUITests.swift */,
				845E9F5426F1A5A2003EEB0F /* Info.plist */,
			);
			path = MovieCatalogueUITests;
			sourceTree = "<group>";
		};
		845E9F6026F1AC71003EEB0F /* App */ = {
			isa = PBXGroup;
			children = (
				845E9F3726F1A59D003EEB0F /* ContentView.swift */,
				845E9F3526F1A59D003EEB0F /* MovieCatalogueApp.swift */,
			);
			path = App;
			sourceTree = "<group>";
		};
		845E9F6126F1AC76003EEB0F /* Core */ = {
			isa = PBXGroup;
			children = (
				8485295B26F33D51009E0553 /* DI */,
				8485295326F310E8009E0553 /* Domain */,
				8485293726F252C3009E0553 /* Data */,
				8485293126F23BFF009E0553 /* Utils */,
			);
			path = Core;
			sourceTree = "<group>";
		};
		845E9F6226F1AC7C003EEB0F /* Feature */ = {
			isa = PBXGroup;
			children = (
				8485296226F33F9F009E0553 /* Home */,
			);
			path = Feature;
			sourceTree = "<group>";
		};
		845E9F6326F1AC93003EEB0F /* SuportingFiles */ = {
			isa = PBXGroup;
			children = (
				845E9F3926F1A5A2003EEB0F /* Assets.xcassets */,
				845E9F3E26F1A5A2003EEB0F /* Info.plist */,
			);
			path = SuportingFiles;
			sourceTree = "<group>";
		};
		8485293126F23BFF009E0553 /* Utils */ = {
			isa = PBXGroup;
			children = (
				8485294E26F31009009E0553 /* Mapper */,
				8485294926F3045B009E0553 /* Extension */,
				8485293226F23C13009E0553 /* Network */,
			);
			path = Utils;
			sourceTree = "<group>";
		};
		8485293226F23C13009E0553 /* Network */ = {
			isa = PBXGroup;
			children = (
				8485293326F23C2A009E0553 /* APICall.swift */,
				8485293526F251A1009E0553 /* Connectivity.swift */,
			);
			path = Network;
			sourceTree = "<group>";
		};
		8485293726F252C3009E0553 /* Data */ = {
			isa = PBXGroup;
			children = (
				8485293826F252C6009E0553 /* Remote */,
				8485294C26F30FC1009E0553 /* TmdbRepository.swift */,
			);
			path = Data;
			sourceTree = "<group>";
		};
		8485293826F252C6009E0553 /* Remote */ = {
			isa = PBXGroup;
			children = (
				8485293926F252D4009E0553 /* Responses */,
				8485294726F2D3F7009E0553 /* RemoteDataSource.swift */,
			);
			path = Remote;
			sourceTree = "<group>";
		};
		8485293926F252D4009E0553 /* Responses */ = {
			isa = PBXGroup;
			children = (
				8485293C26F2562F009E0553 /* MovieResponse.swift */,
				8485293E26F25670009E0553 /* DetailMovieResponse.swift */,
				8485294026F25AC1009E0553 /* CreditsResponse.swift */,
			);
			path = Responses;
			sourceTree = "<group>";
		};
		8485294926F3045B009E0553 /* Extension */ = {
			isa = PBXGroup;
			children = (
				8485294A26F30477009E0553 /* CustomError.swift */,
				8485295726F311B5009E0553 /* CustomExtension.swift */,
			);
			path = Extension;
			sourceTree = "<group>";
		};
		8485294E26F31009009E0553 /* Mapper */ = {
			isa = PBXGroup;
			children = (
				8485294F26F31020009E0553 /* MovieMapper.swift */,
			);
			path = Mapper;
			sourceTree = "<group>";
		};
		8485295326F310E8009E0553 /* Domain */ = {
			isa = PBXGroup;
			children = (
				8485295E26F33D96009E0553 /* Usecase */,
				8485295426F310F2009E0553 /* Model */,
			);
			path = Domain;
			sourceTree = "<group>";
		};
		8485295426F310F2009E0553 /* Model */ = {
			isa = PBXGroup;
			children = (
				8485295526F310FD009E0553 /* MovieModel.swift */,
				8485295926F313CD009E0553 /* DetailMovieModel.swift */,
			);
			path = Model;
			sourceTree = "<group>";
		};
		8485295B26F33D51009E0553 /* DI */ = {
			isa = PBXGroup;
			children = (
				8485295C26F33D5B009E0553 /* Injection.swift */,
			);
			path = DI;
			sourceTree = "<group>";
		};
		8485295E26F33D96009E0553 /* Usecase */ = {
			isa = PBXGroup;
			children = (
				8485296026F33DBB009E0553 /* HomeUseCase.swift */,
			);
			path = Usecase;
			sourceTree = "<group>";
		};
		8485296226F33F9F009E0553 /* Home */ = {
			isa = PBXGroup;
			children = (
				8485296326F33FB5009E0553 /* HomeViewModel.swift */,
				8485296726F34187009E0553 /* HomeRouter.swift */,
				8485296526F33FC1009E0553 /* HomeView.swift */,
			);
			path = Home;
			sourceTree = "<group>";
		};
		A19C93BE5161E9AAA40AC40D /* Pods */ = {
			isa = PBXGroup;
			children = (
				7DCD67A519FFDAAC6B9D6ECD /* Pods-MovieCatalogue.debug.xcconfig */,
				13E2187E59CD383C3908DB49 /* Pods-MovieCatalogue.release.xcconfig */,
				89EDC3174F0C9C402F9A2589 /* Pods-MovieCatalogue-MovieCatalogueUITests.debug.xcconfig */,
				FA3B4263F75EB41F1ADC94EA /* Pods-MovieCatalogue-MovieCatalogueUITests.release.xcconfig */,
				03D20524DDA8A226FE466F84 /* Pods-MovieCatalogueTests.debug.xcconfig */,
				14896926453A0FC29F6248ED /* Pods-MovieCatalogueTests.release.xcconfig */,
			);
			path = Pods;
			sourceTree = "<group>";
		};
/* End PBXGroup section */

/* Begin PBXNativeTarget section */
		845E9F3126F1A59D003EEB0F /* MovieCatalogue */ = {
			isa = PBXNativeTarget;
			buildConfigurationList = 845E9F5726F1A5A2003EEB0F /* Build configuration list for PBXNativeTarget "MovieCatalogue" */;
			buildPhases = (
				F99F004007276408C444D142 /* [CP] Check Pods Manifest.lock */,
				845E9F2E26F1A59D003EEB0F /* Sources */,
				845E9F2F26F1A59D003EEB0F /* Frameworks */,
				845E9F3026F1A59D003EEB0F /* Resources */,
				8485293026F228EE009E0553 /* ShellScript */,
				1EB749D13F6FB6A3F9709B7D /* [CP] Embed Pods Frameworks */,
			);
			buildRules = (
			);
			dependencies = (
			);
			name = MovieCatalogue;
			productName = MovieCatalogue;
			productReference = 845E9F3226F1A59D003EEB0F /* MovieCatalogue.app */;
			productType = "com.apple.product-type.application";
		};
		845E9F4226F1A5A2003EEB0F /* MovieCatalogueTests */ = {
			isa = PBXNativeTarget;
			buildConfigurationList = 845E9F5A26F1A5A2003EEB0F /* Build configuration list for PBXNativeTarget "MovieCatalogueTests" */;
			buildPhases = (
				58D3E9F7B5394B6FAEDBEA28 /* [CP] Check Pods Manifest.lock */,
				845E9F3F26F1A5A2003EEB0F /* Sources */,
				845E9F4026F1A5A2003EEB0F /* Frameworks */,
				845E9F4126F1A5A2003EEB0F /* Resources */,
			);
			buildRules = (
			);
			dependencies = (
				845E9F4526F1A5A2003EEB0F /* PBXTargetDependency */,
			);
			name = MovieCatalogueTests;
			productName = MovieCatalogueTests;
			productReference = 845E9F4326F1A5A2003EEB0F /* MovieCatalogueTests.xctest */;
			productType = "com.apple.product-type.bundle.unit-test";
		};
		845E9F4D26F1A5A2003EEB0F /* MovieCatalogueUITests */ = {
			isa = PBXNativeTarget;
			buildConfigurationList = 845E9F5D26F1A5A2003EEB0F /* Build configuration list for PBXNativeTarget "MovieCatalogueUITests" */;
			buildPhases = (
				AC65BCF0FD0E24494B6F20D5 /* [CP] Check Pods Manifest.lock */,
				845E9F4A26F1A5A2003EEB0F /* Sources */,
				845E9F4B26F1A5A2003EEB0F /* Frameworks */,
				845E9F4C26F1A5A2003EEB0F /* Resources */,
				B55FE56E40388F20A49E7F6F /* [CP] Embed Pods Frameworks */,
			);
			buildRules = (
			);
			dependencies = (
				845E9F5026F1A5A2003EEB0F /* PBXTargetDependency */,
			);
			name = MovieCatalogueUITests;
			productName = MovieCatalogueUITests;
			productReference = 845E9F4E26F1A5A2003EEB0F /* MovieCatalogueUITests.xctest */;
			productType = "com.apple.product-type.bundle.ui-testing";
		};
/* End PBXNativeTarget section */

/* Begin PBXProject section */
		845E9F2A26F1A59D003EEB0F /* Project object */ = {
			isa = PBXProject;
			attributes = {
				LastSwiftUpdateCheck = 1250;
				LastUpgradeCheck = 1250;
				TargetAttributes = {
					845E9F3126F1A59D003EEB0F = {
						CreatedOnToolsVersion = 12.5.1;
					};
					845E9F4226F1A5A2003EEB0F = {
						CreatedOnToolsVersion = 12.5.1;
						TestTargetID = 845E9F3126F1A59D003EEB0F;
					};
					845E9F4D26F1A5A2003EEB0F = {
						CreatedOnToolsVersion = 12.5.1;
						TestTargetID = 845E9F3126F1A59D003EEB0F;
					};
				};
			};
			buildConfigurationList = 845E9F2D26F1A59D003EEB0F /* Build configuration list for PBXProject "MovieCatalogue" */;
			compatibilityVersion = "Xcode 9.3";
			developmentRegion = en;
			hasScannedForEncodings = 0;
			knownRegions = (
				en,
				Base,
			);
			mainGroup = 845E9F2926F1A59D003EEB0F;
			productRefGroup = 845E9F3326F1A59D003EEB0F /* Products */;
			projectDirPath = "";
			projectRoot = "";
			targets = (
				845E9F3126F1A59D003EEB0F /* MovieCatalogue */,
				845E9F4226F1A5A2003EEB0F /* MovieCatalogueTests */,
				845E9F4D26F1A5A2003EEB0F /* MovieCatalogueUITests */,
			);
		};
/* End PBXProject section */

/* Begin PBXResourcesBuildPhase section */
		845E9F3026F1A59D003EEB0F /* Resources */ = {
			isa = PBXResourcesBuildPhase;
			buildActionMask = 2147483647;
			files = (
				845E9F3D26F1A5A2003EEB0F /* Preview Assets.xcassets in Resources */,
				845E9F3A26F1A5A2003EEB0F /* Assets.xcassets in Resources */,
			);
			runOnlyForDeploymentPostprocessing = 0;
		};
		845E9F4126F1A5A2003EEB0F /* Resources */ = {
			isa = PBXResourcesBuildPhase;
			buildActionMask = 2147483647;
			files = (
			);
			runOnlyForDeploymentPostprocessing = 0;
		};
		845E9F4C26F1A5A2003EEB0F /* Resources */ = {
			isa = PBXResourcesBuildPhase;
			buildActionMask = 2147483647;
			files = (
			);
			runOnlyForDeploymentPostprocessing = 0;
		};
/* End PBXResourcesBuildPhase section */

/* Begin PBXShellScriptBuildPhase section */
		1EB749D13F6FB6A3F9709B7D /* [CP] Embed Pods Frameworks */ = {
			isa = PBXShellScriptBuildPhase;
			buildActionMask = 2147483647;
			files = (
			);
			inputFileListPaths = (
				"${PODS_ROOT}/Target Support Files/Pods-MovieCatalogue/Pods-MovieCatalogue-frameworks-${CONFIGURATION}-input-files.xcfilelist",
			);
			name = "[CP] Embed Pods Frameworks";
			outputFileListPaths = (
				"${PODS_ROOT}/Target Support Files/Pods-MovieCatalogue/Pods-MovieCatalogue-frameworks-${CONFIGURATION}-output-files.xcfilelist",
			);
			runOnlyForDeploymentPostprocessing = 0;
			shellPath = /bin/sh;
			shellScript = "\"${PODS_ROOT}/Target Support Files/Pods-MovieCatalogue/Pods-MovieCatalogue-frameworks.sh\"\n";
			showEnvVarsInLog = 0;
		};
		58D3E9F7B5394B6FAEDBEA28 /* [CP] Check Pods Manifest.lock */ = {
			isa = PBXShellScriptBuildPhase;
			buildActionMask = 2147483647;
			files = (
			);
			inputFileListPaths = (
			);
			inputPaths = (
				"${PODS_PODFILE_DIR_PATH}/Podfile.lock",
				"${PODS_ROOT}/Manifest.lock",
			);
			name = "[CP] Check Pods Manifest.lock";
			outputFileListPaths = (
			);
			outputPaths = (
				"$(DERIVED_FILE_DIR)/Pods-MovieCatalogueTests-checkManifestLockResult.txt",
			);
			runOnlyForDeploymentPostprocessing = 0;
			shellPath = /bin/sh;
			shellScript = "diff \"${PODS_PODFILE_DIR_PATH}/Podfile.lock\" \"${PODS_ROOT}/Manifest.lock\" > /dev/null\nif [ $? != 0 ] ; then\n    # print error to STDERR\n    echo \"error: The sandbox is not in sync with the Podfile.lock. Run 'pod install' or update your CocoaPods installation.\" >&2\n    exit 1\nfi\n# This output is used by Xcode 'outputs' to avoid re-running this script phase.\necho \"SUCCESS\" > \"${SCRIPT_OUTPUT_FILE_0}\"\n";
			showEnvVarsInLog = 0;
		};
		8485293026F228EE009E0553 /* ShellScript */ = {
			isa = PBXShellScriptBuildPhase;
			buildActionMask = 2147483647;
			files = (
			);
			inputFileListPaths = (
			);
			inputPaths = (
			);
			outputFileListPaths = (
			);
			outputPaths = (
			);
			runOnlyForDeploymentPostprocessing = 0;
			shellPath = /bin/sh;
			shellScript = "# Type a script or drag a script file from your workspace to insert its path.\nif which swiftlint >/dev/null; then \n    swiftlint \nelse \n    echo \"warning: SwiftLint not installed, download from https://github.com/realm/SwiftLint\" \nfi\n";
		};
		AC65BCF0FD0E24494B6F20D5 /* [CP] Check Pods Manifest.lock */ = {
			isa = PBXShellScriptBuildPhase;
			buildActionMask = 2147483647;
			files = (
			);
			inputFileListPaths = (
			);
			inputPaths = (
				"${PODS_PODFILE_DIR_PATH}/Podfile.lock",
				"${PODS_ROOT}/Manifest.lock",
			);
			name = "[CP] Check Pods Manifest.lock";
			outputFileListPaths = (
			);
			outputPaths = (
				"$(DERIVED_FILE_DIR)/Pods-MovieCatalogue-MovieCatalogueUITests-checkManifestLockResult.txt",
			);
			runOnlyForDeploymentPostprocessing = 0;
			shellPath = /bin/sh;
			shellScript = "diff \"${PODS_PODFILE_DIR_PATH}/Podfile.lock\" \"${PODS_ROOT}/Manifest.lock\" > /dev/null\nif [ $? != 0 ] ; then\n    # print error to STDERR\n    echo \"error: The sandbox is not in sync with the Podfile.lock. Run 'pod install' or update your CocoaPods installation.\" >&2\n    exit 1\nfi\n# This output is used by Xcode 'outputs' to avoid re-running this script phase.\necho \"SUCCESS\" > \"${SCRIPT_OUTPUT_FILE_0}\"\n";
			showEnvVarsInLog = 0;
		};
		B55FE56E40388F20A49E7F6F /* [CP] Embed Pods Frameworks */ = {
			isa = PBXShellScriptBuildPhase;
			buildActionMask = 2147483647;
			files = (
			);
			inputFileListPaths = (
				"${PODS_ROOT}/Target Support Files/Pods-MovieCatalogue-MovieCatalogueUITests/Pods-MovieCatalogue-MovieCatalogueUITests-frameworks-${CONFIGURATION}-input-files.xcfilelist",
			);
			name = "[CP] Embed Pods Frameworks";
			outputFileListPaths = (
				"${PODS_ROOT}/Target Support Files/Pods-MovieCatalogue-MovieCatalogueUITests/Pods-MovieCatalogue-MovieCatalogueUITests-frameworks-${CONFIGURATION}-output-files.xcfilelist",
			);
			runOnlyForDeploymentPostprocessing = 0;
			shellPath = /bin/sh;
			shellScript = "\"${PODS_ROOT}/Target Support Files/Pods-MovieCatalogue-MovieCatalogueUITests/Pods-MovieCatalogue-MovieCatalogueUITests-frameworks.sh\"\n";
			showEnvVarsInLog = 0;
		};
		F99F004007276408C444D142 /* [CP] Check Pods Manifest.lock */ = {
			isa = PBXShellScriptBuildPhase;
			buildActionMask = 2147483647;
			files = (
			);
			inputFileListPaths = (
			);
			inputPaths = (
				"${PODS_PODFILE_DIR_PATH}/Podfile.lock",
				"${PODS_ROOT}/Manifest.lock",
			);
			name = "[CP] Check Pods Manifest.lock";
			outputFileListPaths = (
			);
			outputPaths = (
				"$(DERIVED_FILE_DIR)/Pods-MovieCatalogue-checkManifestLockResult.txt",
			);
			runOnlyForDeploymentPostprocessing = 0;
			shellPath = /bin/sh;
			shellScript = "diff \"${PODS_PODFILE_DIR_PATH}/Podfile.lock\" \"${PODS_ROOT}/Manifest.lock\" > /dev/null\nif [ $? != 0 ] ; then\n    # print error to STDERR\n    echo \"error: The sandbox is not in sync with the Podfile.lock. Run 'pod install' or update your CocoaPods installation.\" >&2\n    exit 1\nfi\n# This output is used by Xcode 'outputs' to avoid re-running this script phase.\necho \"SUCCESS\" > \"${SCRIPT_OUTPUT_FILE_0}\"\n";
			showEnvVarsInLog = 0;
		};
/* End PBXShellScriptBuildPhase section */

/* Begin PBXSourcesBuildPhase section */
		845E9F2E26F1A59D003EEB0F /* Sources */ = {
			isa = PBXSourcesBuildPhase;
			buildActionMask = 2147483647;
			files = (
				8485296426F33FB5009E0553 /* HomeViewModel.swift in Sources */,
				8485295D26F33D5B009E0553 /* Injection.swift in Sources */,
				8485293F26F25670009E0553 /* DetailMovieResponse.swift in Sources */,
				8485295026F31020009E0553 /* MovieMapper.swift in Sources */,
				8485296826F34187009E0553 /* HomeRouter.swift in Sources */,
				8485293626F251A1009E0553 /* Connectivity.swift in Sources */,
				8485294D26F30FC1009E0553 /* TmdbRepository.swift in Sources */,
				8485294126F25AC1009E0553 /* CreditsResponse.swift in Sources */,
				8485295626F310FD009E0553 /* MovieModel.swift in Sources */,
				8485294826F2D3F7009E0553 /* RemoteDataSource.swift in Sources */,
				8485296626F33FC1009E0553 /* HomeView.swift in Sources */,
				8485293D26F2562F009E0553 /* MovieResponse.swift in Sources */,
				8485295A26F313CD009E0553 /* DetailMovieModel.swift in Sources */,
				8485295826F311B5009E0553 /* CustomExtension.swift in Sources */,
				8485294B26F30477009E0553 /* CustomError.swift in Sources */,
				845E9F3826F1A59D003EEB0F /* ContentView.swift in Sources */,
				845E9F3626F1A59D003EEB0F /* MovieCatalogueApp.swift in Sources */,
				8485296126F33DBB009E0553 /* HomeUseCase.swift in Sources */,
				8485293426F23C2A009E0553 /* APICall.swift in Sources */,
			);
			runOnlyForDeploymentPostprocessing = 0;
		};
		845E9F3F26F1A5A2003EEB0F /* Sources */ = {
			isa = PBXSourcesBuildPhase;
			buildActionMask = 2147483647;
			files = (
				845E9F4826F1A5A2003EEB0F /* MovieCatalogueTests.swift in Sources */,
			);
			runOnlyForDeploymentPostprocessing = 0;
		};
		845E9F4A26F1A5A2003EEB0F /* Sources */ = {
			isa = PBXSourcesBuildPhase;
			buildActionMask = 2147483647;
			files = (
				845E9F5326F1A5A2003EEB0F /* MovieCatalogueUITests.swift in Sources */,
			);
			runOnlyForDeploymentPostprocessing = 0;
		};
/* End PBXSourcesBuildPhase section */

/* Begin PBXTargetDependency section */
		845E9F4526F1A5A2003EEB0F /* PBXTargetDependency */ = {
			isa = PBXTargetDependency;
			target = 845E9F3126F1A59D003EEB0F /* MovieCatalogue */;
			targetProxy = 845E9F4426F1A5A2003EEB0F /* PBXContainerItemProxy */;
		};
		845E9F5026F1A5A2003EEB0F /* PBXTargetDependency */ = {
			isa = PBXTargetDependency;
			target = 845E9F3126F1A59D003EEB0F /* MovieCatalogue */;
			targetProxy = 845E9F4F26F1A5A2003EEB0F /* PBXContainerItemProxy */;
		};
/* End PBXTargetDependency section */

/* Begin XCBuildConfiguration section */
		845E9F5526F1A5A2003EEB0F /* Debug */ = {
			isa = XCBuildConfiguration;
			buildSettings = {
				ALWAYS_SEARCH_USER_PATHS = NO;
				CLANG_ANALYZER_NONNULL = YES;
				CLANG_ANALYZER_NUMBER_OBJECT_CONVERSION = YES_AGGRESSIVE;
				CLANG_CXX_LANGUAGE_STANDARD = "gnu++14";
				CLANG_CXX_LIBRARY = "libc++";
				CLANG_ENABLE_MODULES = YES;
				CLANG_ENABLE_OBJC_ARC = YES;
				CLANG_ENABLE_OBJC_WEAK = YES;
				CLANG_WARN_BLOCK_CAPTURE_AUTORELEASING = YES;
				CLANG_WARN_BOOL_CONVERSION = YES;
				CLANG_WARN_COMMA = YES;
				CLANG_WARN_CONSTANT_CONVERSION = YES;
				CLANG_WARN_DEPRECATED_OBJC_IMPLEMENTATIONS = YES;
				CLANG_WARN_DIRECT_OBJC_ISA_USAGE = YES_ERROR;
				CLANG_WARN_DOCUMENTATION_COMMENTS = YES;
				CLANG_WARN_EMPTY_BODY = YES;
				CLANG_WARN_ENUM_CONVERSION = YES;
				CLANG_WARN_INFINITE_RECURSION = YES;
				CLANG_WARN_INT_CONVERSION = YES;
				CLANG_WARN_NON_LITERAL_NULL_CONVERSION = YES;
				CLANG_WARN_OBJC_IMPLICIT_RETAIN_SELF = YES;
				CLANG_WARN_OBJC_LITERAL_CONVERSION = YES;
				CLANG_WARN_OBJC_ROOT_CLASS = YES_ERROR;
				CLANG_WARN_QUOTED_INCLUDE_IN_FRAMEWORK_HEADER = YES;
				CLANG_WARN_RANGE_LOOP_ANALYSIS = YES;
				CLANG_WARN_STRICT_PROTOTYPES = YES;
				CLANG_WARN_SUSPICIOUS_MOVE = YES;
				CLANG_WARN_UNGUARDED_AVAILABILITY = YES_AGGRESSIVE;
				CLANG_WARN_UNREACHABLE_CODE = YES;
				CLANG_WARN__DUPLICATE_METHOD_MATCH = YES;
				COPY_PHASE_STRIP = NO;
				DEBUG_INFORMATION_FORMAT = dwarf;
				ENABLE_STRICT_OBJC_MSGSEND = YES;
				ENABLE_TESTABILITY = YES;
				GCC_C_LANGUAGE_STANDARD = gnu11;
				GCC_DYNAMIC_NO_PIC = NO;
				GCC_NO_COMMON_BLOCKS = YES;
				GCC_OPTIMIZATION_LEVEL = 0;
				GCC_PREPROCESSOR_DEFINITIONS = (
					"DEBUG=1",
					"$(inherited)",
				);
				GCC_WARN_64_TO_32_BIT_CONVERSION = YES;
				GCC_WARN_ABOUT_RETURN_TYPE = YES_ERROR;
				GCC_WARN_UNDECLARED_SELECTOR = YES;
				GCC_WARN_UNINITIALIZED_AUTOS = YES_AGGRESSIVE;
				GCC_WARN_UNUSED_FUNCTION = YES;
				GCC_WARN_UNUSED_VARIABLE = YES;
				IPHONEOS_DEPLOYMENT_TARGET = 14.5;
				MTL_ENABLE_DEBUG_INFO = INCLUDE_SOURCE;
				MTL_FAST_MATH = YES;
				ONLY_ACTIVE_ARCH = YES;
				SDKROOT = iphoneos;
				SWIFT_ACTIVE_COMPILATION_CONDITIONS = DEBUG;
				SWIFT_OPTIMIZATION_LEVEL = "-Onone";
			};
			name = Debug;
		};
		845E9F5626F1A5A2003EEB0F /* Release */ = {
			isa = XCBuildConfiguration;
			buildSettings = {
				ALWAYS_SEARCH_USER_PATHS = NO;
				CLANG_ANALYZER_NONNULL = YES;
				CLANG_ANALYZER_NUMBER_OBJECT_CONVERSION = YES_AGGRESSIVE;
				CLANG_CXX_LANGUAGE_STANDARD = "gnu++14";
				CLANG_CXX_LIBRARY = "libc++";
				CLANG_ENABLE_MODULES = YES;
				CLANG_ENABLE_OBJC_ARC = YES;
				CLANG_ENABLE_OBJC_WEAK = YES;
				CLANG_WARN_BLOCK_CAPTURE_AUTORELEASING = YES;
				CLANG_WARN_BOOL_CONVERSION = YES;
				CLANG_WARN_COMMA = YES;
				CLANG_WARN_CONSTANT_CONVERSION = YES;
				CLANG_WARN_DEPRECATED_OBJC_IMPLEMENTATIONS = YES;
				CLANG_WARN_DIRECT_OBJC_ISA_USAGE = YES_ERROR;
				CLANG_WARN_DOCUMENTATION_COMMENTS = YES;
				CLANG_WARN_EMPTY_BODY = YES;
				CLANG_WARN_ENUM_CONVERSION = YES;
				CLANG_WARN_INFINITE_RECURSION = YES;
				CLANG_WARN_INT_CONVERSION = YES;
				CLANG_WARN_NON_LITERAL_NULL_CONVERSION = YES;
				CLANG_WARN_OBJC_IMPLICIT_RETAIN_SELF = YES;
				CLANG_WARN_OBJC_LITERAL_CONVERSION = YES;
				CLANG_WARN_OBJC_ROOT_CLASS = YES_ERROR;
				CLANG_WARN_QUOTED_INCLUDE_IN_FRAMEWORK_HEADER = YES;
				CLANG_WARN_RANGE_LOOP_ANALYSIS = YES;
				CLANG_WARN_STRICT_PROTOTYPES = YES;
				CLANG_WARN_SUSPICIOUS_MOVE = YES;
				CLANG_WARN_UNGUARDED_AVAILABILITY = YES_AGGRESSIVE;
				CLANG_WARN_UNREACHABLE_CODE = YES;
				CLANG_WARN__DUPLICATE_METHOD_MATCH = YES;
				COPY_PHASE_STRIP = NO;
				DEBUG_INFORMATION_FORMAT = "dwarf-with-dsym";
				ENABLE_NS_ASSERTIONS = NO;
				ENABLE_STRICT_OBJC_MSGSEND = YES;
				GCC_C_LANGUAGE_STANDARD = gnu11;
				GCC_NO_COMMON_BLOCKS = YES;
				GCC_WARN_64_TO_32_BIT_CONVERSION = YES;
				GCC_WARN_ABOUT_RETURN_TYPE = YES_ERROR;
				GCC_WARN_UNDECLARED_SELECTOR = YES;
				GCC_WARN_UNINITIALIZED_AUTOS = YES_AGGRESSIVE;
				GCC_WARN_UNUSED_FUNCTION = YES;
				GCC_WARN_UNUSED_VARIABLE = YES;
				IPHONEOS_DEPLOYMENT_TARGET = 14.5;
				MTL_ENABLE_DEBUG_INFO = NO;
				MTL_FAST_MATH = YES;
				SDKROOT = iphoneos;
				SWIFT_COMPILATION_MODE = wholemodule;
				SWIFT_OPTIMIZATION_LEVEL = "-O";
				VALIDATE_PRODUCT = YES;
			};
			name = Release;
		};
		845E9F5826F1A5A2003EEB0F /* Debug */ = {
			isa = XCBuildConfiguration;
			baseConfigurationReference = 7DCD67A519FFDAAC6B9D6ECD /* Pods-MovieCatalogue.debug.xcconfig */;
			buildSettings = {
				ASSETCATALOG_COMPILER_APPICON_NAME = AppIcon;
				ASSETCATALOG_COMPILER_GLOBAL_ACCENT_COLOR_NAME = AccentColor;
				CODE_SIGN_STYLE = Automatic;
				DEVELOPMENT_ASSET_PATHS = "\"MovieCatalogue/Preview Content\"";
				DEVELOPMENT_TEAM = PH4M8U772M;
				ENABLE_PREVIEWS = YES;
				INFOPLIST_FILE = MovieCatalogue/SuportingFiles/Info.plist;
				IPHONEOS_DEPLOYMENT_TARGET = 14.0;
				LD_RUNPATH_SEARCH_PATHS = (
					"$(inherited)",
					"@executable_path/Frameworks",
				);
				PRODUCT_BUNDLE_IDENTIFIER = id.RrDev.MovieCatalogue;
				PRODUCT_NAME = "$(TARGET_NAME)";
				SWIFT_VERSION = 5.0;
				TARGETED_DEVICE_FAMILY = "1,2";
			};
			name = Debug;
		};
		845E9F5926F1A5A2003EEB0F /* Release */ = {
			isa = XCBuildConfiguration;
			baseConfigurationReference = 13E2187E59CD383C3908DB49 /* Pods-MovieCatalogue.release.xcconfig */;
			buildSettings = {
				ASSETCATALOG_COMPILER_APPICON_NAME = AppIcon;
				ASSETCATALOG_COMPILER_GLOBAL_ACCENT_COLOR_NAME = AccentColor;
				CODE_SIGN_STYLE = Automatic;
				DEVELOPMENT_ASSET_PATHS = "\"MovieCatalogue/Preview Content\"";
				DEVELOPMENT_TEAM = PH4M8U772M;
				ENABLE_PREVIEWS = YES;
				INFOPLIST_FILE = MovieCatalogue/SuportingFiles/Info.plist;
				IPHONEOS_DEPLOYMENT_TARGET = 14.0;
				LD_RUNPATH_SEARCH_PATHS = (
					"$(inherited)",
					"@executable_path/Frameworks",
				);
				PRODUCT_BUNDLE_IDENTIFIER = id.RrDev.MovieCatalogue;
				PRODUCT_NAME = "$(TARGET_NAME)";
				SWIFT_VERSION = 5.0;
				TARGETED_DEVICE_FAMILY = "1,2";
			};
			name = Release;
		};
		845E9F5B26F1A5A2003EEB0F /* Debug */ = {
			isa = XCBuildConfiguration;
			baseConfigurationReference = 03D20524DDA8A226FE466F84 /* Pods-MovieCatalogueTests.debug.xcconfig */;
			buildSettings = {
				ALWAYS_EMBED_SWIFT_STANDARD_LIBRARIES = YES;
				BUNDLE_LOADER = "$(TEST_HOST)";
				CODE_SIGN_STYLE = Automatic;
				DEVELOPMENT_TEAM = PH4M8U772M;
				INFOPLIST_FILE = MovieCatalogueTests/Info.plist;
				IPHONEOS_DEPLOYMENT_TARGET = 14.0;
				LD_RUNPATH_SEARCH_PATHS = (
					"$(inherited)",
					"@executable_path/Frameworks",
					"@loader_path/Frameworks",
				);
				PRODUCT_BUNDLE_IDENTIFIER = id.RrDev.MovieCatalogueTests;
				PRODUCT_NAME = "$(TARGET_NAME)";
				SWIFT_VERSION = 5.0;
				TARGETED_DEVICE_FAMILY = "1,2";
				TEST_HOST = "$(BUILT_PRODUCTS_DIR)/MovieCatalogue.app/MovieCatalogue";
			};
			name = Debug;
		};
		845E9F5C26F1A5A2003EEB0F /* Release */ = {
			isa = XCBuildConfiguration;
			baseConfigurationReference = 14896926453A0FC29F6248ED /* Pods-MovieCatalogueTests.release.xcconfig */;
			buildSettings = {
				ALWAYS_EMBED_SWIFT_STANDARD_LIBRARIES = YES;
				BUNDLE_LOADER = "$(TEST_HOST)";
				CODE_SIGN_STYLE = Automatic;
				DEVELOPMENT_TEAM = PH4M8U772M;
				INFOPLIST_FILE = MovieCatalogueTests/Info.plist;
				IPHONEOS_DEPLOYMENT_TARGET = 14.0;
				LD_RUNPATH_SEARCH_PATHS = (
					"$(inherited)",
					"@executable_path/Frameworks",
					"@loader_path/Frameworks",
				);
				PRODUCT_BUNDLE_IDENTIFIER = id.RrDev.MovieCatalogueTests;
				PRODUCT_NAME = "$(TARGET_NAME)";
				SWIFT_VERSION = 5.0;
				TARGETED_DEVICE_FAMILY = "1,2";
				TEST_HOST = "$(BUILT_PRODUCTS_DIR)/MovieCatalogue.app/MovieCatalogue";
			};
			name = Release;
		};
		845E9F5E26F1A5A2003EEB0F /* Debug */ = {
			isa = XCBuildConfiguration;
			baseConfigurationReference = 89EDC3174F0C9C402F9A2589 /* Pods-MovieCatalogue-MovieCatalogueUITests.debug.xcconfig */;
			buildSettings = {
				ALWAYS_EMBED_SWIFT_STANDARD_LIBRARIES = YES;
				CODE_SIGN_STYLE = Automatic;
				DEVELOPMENT_TEAM = PH4M8U772M;
				INFOPLIST_FILE = MovieCatalogueUITests/Info.plist;
				LD_RUNPATH_SEARCH_PATHS = (
					"$(inherited)",
					"@executable_path/Frameworks",
					"@loader_path/Frameworks",
				);
				PRODUCT_BUNDLE_IDENTIFIER = id.RrDev.MovieCatalogueUITests;
				PRODUCT_NAME = "$(TARGET_NAME)";
				SWIFT_VERSION = 5.0;
				TARGETED_DEVICE_FAMILY = "1,2";
				TEST_TARGET_NAME = MovieCatalogue;
			};
			name = Debug;
		};
		845E9F5F26F1A5A2003EEB0F /* Release */ = {
			isa = XCBuildConfiguration;
			baseConfigurationReference = FA3B4263F75EB41F1ADC94EA /* Pods-MovieCatalogue-MovieCatalogueUITests.release.xcconfig */;
			buildSettings = {
				ALWAYS_EMBED_SWIFT_STANDARD_LIBRARIES = YES;
				CODE_SIGN_STYLE = Automatic;
				DEVELOPMENT_TEAM = PH4M8U772M;
				INFOPLIST_FILE = MovieCatalogueUITests/Info.plist;
				LD_RUNPATH_SEARCH_PATHS = (
					"$(inherited)",
					"@executable_path/Frameworks",
					"@loader_path/Frameworks",
				);
				PRODUCT_BUNDLE_IDENTIFIER = id.RrDev.MovieCatalogueUITests;
				PRODUCT_NAME = "$(TARGET_NAME)";
				SWIFT_VERSION = 5.0;
				TARGETED_DEVICE_FAMILY = "1,2";
				TEST_TARGET_NAME = MovieCatalogue;
			};
			name = Release;
		};
/* End XCBuildConfiguration section */

/* Begin XCConfigurationList section */
		845E9F2D26F1A59D003EEB0F /* Build configuration list for PBXProject "MovieCatalogue" */ = {
			isa = XCConfigurationList;
			buildConfigurations = (
				845E9F5526F1A5A2003EEB0F /* Debug */,
				845E9F5626F1A5A2003EEB0F /* Release */,
			);
			defaultConfigurationIsVisible = 0;
			defaultConfigurationName = Release;
		};
		845E9F5726F1A5A2003EEB0F /* Build configuration list for PBXNativeTarget "MovieCatalogue" */ = {
			isa = XCConfigurationList;
			buildConfigurations = (
				845E9F5826F1A5A2003EEB0F /* Debug */,
				845E9F5926F1A5A2003EEB0F /* Release */,
			);
			defaultConfigurationIsVisible = 0;
			defaultConfigurationName = Release;
		};
		845E9F5A26F1A5A2003EEB0F /* Build configuration list for PBXNativeTarget "MovieCatalogueTests" */ = {
			isa = XCConfigurationList;
			buildConfigurations = (
				845E9F5B26F1A5A2003EEB0F /* Debug */,
				845E9F5C26F1A5A2003EEB0F /* Release */,
			);
			defaultConfigurationIsVisible = 0;
			defaultConfigurationName = Release;
		};
		845E9F5D26F1A5A2003EEB0F /* Build configuration list for PBXNativeTarget "MovieCatalogueUITests" */ = {
			isa = XCConfigurationList;
			buildConfigurations = (
				845E9F5E26F1A5A2003EEB0F /* Debug */,
				845E9F5F26F1A5A2003EEB0F /* Release */,
			);
			defaultConfigurationIsVisible = 0;
			defaultConfigurationName = Release;
		};
/* End XCConfigurationList section */
	};
	rootObject = 845E9F2A26F1A59D003EEB0F /* Project object */;
}
